
Microsoft Visual Studio Solution File, Format Version 12.00
# Visual Studio 15
VisualStudioVersion = 15.0.28307.902
MinimumVisualStudioVersion = 10.0.40219.1
Project("{FAE04EC0-301F-11D3-BF4B-00C04F79EFBC}") = "Echo_Server", "Echo_Server_Client\Echo_Server.csproj", "{556CFC45-A594-4995-AA4A-918487F77C14}"
EndProject
Project("{FAE04EC0-301F-11D3-BF4B-00C04F79EFBC}") = "Server", "Echo_Server_Client\Server\Server.csproj", "{8A1AE2C0-7239-442A-8EAC-7673C8C98530}"
EndProject
Global
	GlobalSection(SolutionConfigurationPlatforms) = preSolution
		Debug|Any CPU = Debug|Any CPU
		Release|Any CPU = Release|Any CPU
	EndGlobalSection
	GlobalSection(ProjectConfigurationPlatforms) = postSolution
		{556CFC45-A594-4995-AA4A-918487F77C14}.Debug|Any CPU.ActiveCfg = Debug|Any CPU
		{556CFC45-A594-4995-AA4A-918487F77C14}.Debug|Any CPU.Build.0 = Debug|Any CPU
		{556CFC45-A594-4995-AA4A-918487F77C14}.Release|Any CPU.ActiveCfg = Release|Any CPU
		{556CFC45-A594-4995-AA4A-918487F77C14}.Release|Any CPU.Build.0 = Release|Any CPU
		{8A1AE2C0-7239-442A-8EAC-7673C8C98530}.Debug|Any CPU.ActiveCfg = Debug|Any CPU
		{8A1AE2C0-7239-442A-8EAC-7673C8C98530}.Debug|Any CPU.Build.0 = Debug|Any CPU
		{8A1AE2C0-7239-442A-8EAC-7673C8C98530}.Release|Any CPU.ActiveCfg = Release|Any CPU
		{8A1AE2C0-7239-442A-8EAC-7673C8C98530}.Release|Any CPU.Build.0 = Release|Any CPU
	EndGlobalSection
	GlobalSection(SolutionProperties) = preSolution
		HideSolutionNode = FALSE
	EndGlobalSection
	GlobalSection(ExtensibilityGlobals) = postSolution
		SolutionGuid = {F6AFFF99-2B4D-496B-8601-9E2744995C42}
	EndGlobalSection
EndGlobal
